
Microsoft Visual Studio Solution File, Format Version 12.00
# Visual Studio Version 17
VisualStudioVersion = 17.4.33122.133
MinimumVisualStudioVersion = 10.0.40219.1
Project("{8BC9CEB8-8B4A-11D0-8D11-00A0C91BC942}") = "PhysicsInterface", "PhysicsInterface\PhysicsInterface.vcxproj", "{4E92B502-DC6D-413E-B929-EE8E9EC7F78B}"
EndProject
Project("{8BC9CEB8-8B4A-11D0-8D11-00A0C91BC942}") = "GDPPhysics", "GDPPhysics\GDPPhysics.vcxproj", "{BCBDEA29-4B16-4356-A040-8E66F275EFB3}"
	ProjectSection(ProjectDependencies) = postProject
		{4E92B502-DC6D-413E-B929-EE8E9EC7F78B} = {4E92B502-DC6D-413E-B929-EE8E9EC7F78B}
	EndProjectSection
EndProject
Project("{8BC9CEB8-8B4A-11D0-8D11-00A0C91BC942}") = "PhysicsTest", "PhysicsTest\PhysicsTest.vcxproj", "{9C977360-9D87-49F0-A3DB-82DE9A1658F2}"
	ProjectSection(ProjectDependencies) = postProject
		{BCBDEA29-4B16-4356-A040-8E66F275EFB3} = {BCBDEA29-4B16-4356-A040-8E66F275EFB3}
	EndProjectSection
EndProject
Project("{8BC9CEB8-8B4A-11D0-8D11-00A0C91BC942}") = "PhysicsGfx", "PhysicsGfx\PhysicsGfx.vcxproj", "{02211B95-E916-4478-8B8F-DB98A2606959}"
	ProjectSection(ProjectDependencies) = postProject
		{06CDBC51-ABFF-4576-B13D-57154C745716} = {06CDBC51-ABFF-4576-B13D-57154C745716}
		{4E92B502-DC6D-413E-B929-EE8E9EC7F78B} = {4E92B502-DC6D-413E-B929-EE8E9EC7F78B}
		{706FC061-7B4D-4413-ABEA-112990D901FF} = {706FC061-7B4D-4413-ABEA-112990D901FF}
	EndProjectSection
EndProject
Project("{8BC9CEB8-8B4A-11D0-8D11-00A0C91BC942}") = "ECS", "ECS\ECS.vcxproj", "{BD51ED38-7861-429A-AC39-67C95BE697D4}"
EndProject
Project("{8BC9CEB8-8B4A-11D0-8D11-00A0C91BC942}") = "HavokPhysics", "HavokPhysics\HavokPhysics.vcxproj", "{7837CA0A-7226-4A18-940C-068D0F0CC53D}"
	ProjectSection(ProjectDependencies) = postProject
		{4E92B502-DC6D-413E-B929-EE8E9EC7F78B} = {4E92B502-DC6D-413E-B929-EE8E9EC7F78B}
	EndProjectSection
EndProject
Project("{2150E333-8FDC-42A3-9474-1A3956D46DE8}") = "Physics", "Physics", "{7642A7AE-8BBC-44C9-A88E-BC41B0654DBA}"
EndProject
Project("{2150E333-8FDC-42A3-9474-1A3956D46DE8}") = "Graphics", "Graphics", "{70A0F2E6-92FB-4807-9662-4D89F40F307C}"
EndProject
Project("{2150E333-8FDC-42A3-9474-1A3956D46DE8}") = "GameComponentIntegration", "GameComponentIntegration", "{D0AE8542-1FDF-43C0-9F6E-20BE29700097}"
EndProject
Project("{2150E333-8FDC-42A3-9474-1A3956D46DE8}") = "GDP", "GDP", "{4CB429FF-2783-4702-BA82-801ABD1DF37C}"
EndProject
Project("{2150E333-8FDC-42A3-9474-1A3956D46DE8}") = "Havok", "Havok", "{2C190812-3740-40D2-9C06-87C16260D2F8}"
EndProject
Project("{2150E333-8FDC-42A3-9474-1A3956D46DE8}") = "PhysX", "PhysX", "{7266AE28-624E-4E5B-A9C3-9E7C1C9DAF3D}"
EndProject
Project("{8BC9CEB8-8B4A-11D0-8D11-00A0C91BC942}") = "PhysXPhysics", "PhysXPhysics\PhysXPhysics.vcxproj", "{29FDF2C1-C4A8-44A5-9818-A875B718D06D}"
	ProjectSection(ProjectDependencies) = postProject
		{4E92B502-DC6D-413E-B929-EE8E9EC7F78B} = {4E92B502-DC6D-413E-B929-EE8E9EC7F78B}
	EndProjectSection
EndProject
Project("{2150E333-8FDC-42A3-9474-1A3956D46DE8}") = "Bullet", "Bullet", "{D5656B74-8C0E-4754-A152-F5EA4D17A06B}"
EndProject
Project("{8BC9CEB8-8B4A-11D0-8D11-00A0C91BC942}") = "BulletPhysics", "BulletPhysics\BulletPhysics.vcxproj", "{706FC061-7B4D-4413-ABEA-112990D901FF}"
	ProjectSection(ProjectDependencies) = postProject
		{06CDBC51-ABFF-4576-B13D-57154C745716} = {06CDBC51-ABFF-4576-B13D-57154C745716}
		{4E92B502-DC6D-413E-B929-EE8E9EC7F78B} = {4E92B502-DC6D-413E-B929-EE8E9EC7F78B}
	EndProjectSection
EndProject
Project("{8BC9CEB8-8B4A-11D0-8D11-00A0C91BC942}") = "BulletSource", "BulletSource\BulletSource.vcxproj", "{06CDBC51-ABFF-4576-B13D-57154C745716}"
EndProject
Project("{8BC9CEB8-8B4A-11D0-8D11-00A0C91BC942}") = "LeaderboardServer", "LeaderboardServer\LeaderboardServer.vcxproj", "{4D22286D-227D-4923-A517-0C81943324C6}"
EndProject
Project("{8BC9CEB8-8B4A-11D0-8D11-00A0C91BC942}") = "CodeExamples", "CodeExamples\CodeExamples.vcxproj", "{BC683FF6-A71D-4D02-AC94-5C5B57C44CD9}"
EndProject
Global
	GlobalSection(SolutionConfigurationPlatforms) = preSolution
		Debug|x64 = Debug|x64
		Debug|x86 = Debug|x86
		Release|x64 = Release|x64
		Release|x86 = Release|x86
	EndGlobalSection
	GlobalSection(ProjectConfigurationPlatforms) = postSolution
		{4E92B502-DC6D-413E-B929-EE8E9EC7F78B}.Debug|x64.ActiveCfg = Debug|x64
		{4E92B502-DC6D-413E-B929-EE8E9EC7F78B}.Debug|x64.Build.0 = Debug|x64
		{4E92B502-DC6D-413E-B929-EE8E9EC7F78B}.Debug|x86.ActiveCfg = Debug|Win32
		{4E92B502-DC6D-413E-B929-EE8E9EC7F78B}.Debug|x86.Build.0 = Debug|Win32
		{4E92B502-DC6D-413E-B929-EE8E9EC7F78B}.Release|x64.ActiveCfg = Release|x64
		{4E92B502-DC6D-413E-B929-EE8E9EC7F78B}.Release|x64.Build.0 = Release|x64
		{4E92B502-DC6D-413E-B929-EE8E9EC7F78B}.Release|x86.ActiveCfg = Release|Win32
		{4E92B502-DC6D-413E-B929-EE8E9EC7F78B}.Release|x86.Build.0 = Release|Win32
		{BCBDEA29-4B16-4356-A040-8E66F275EFB3}.Debug|x64.ActiveCfg = Debug|x64
		{BCBDEA29-4B16-4356-A040-8E66F275EFB3}.Debug|x64.Build.0 = Debug|x64
		{BCBDEA29-4B16-4356-A040-8E66F275EFB3}.Debug|x86.ActiveCfg = Debug|Win32
		{BCBDEA29-4B16-4356-A040-8E66F275EFB3}.Debug|x86.Build.0 = Debug|Win32
		{BCBDEA29-4B16-4356-A040-8E66F275EFB3}.Release|x64.ActiveCfg = Release|x64
		{BCBDEA29-4B16-4356-A040-8E66F275EFB3}.Release|x64.Build.0 = Release|x64
		{BCBDEA29-4B16-4356-A040-8E66F275EFB3}.Release|x86.ActiveCfg = Release|Win32
		{BCBDEA29-4B16-4356-A040-8E66F275EFB3}.Release|x86.Build.0 = Release|Win32
		{9C977360-9D87-49F0-A3DB-82DE9A1658F2}.Debug|x64.ActiveCfg = Debug|x64
		{9C977360-9D87-49F0-A3DB-82DE9A1658F2}.Debug|x64.Build.0 = Debug|x64
		{9C977360-9D87-49F0-A3DB-82DE9A1658F2}.Debug|x86.ActiveCfg = Debug|Win32
		{9C977360-9D87-49F0-A3DB-82DE9A1658F2}.Debug|x86.Build.0 = Debug|Win32
		{9C977360-9D87-49F0-A3DB-82DE9A1658F2}.Release|x64.ActiveCfg = Release|x64
		{9C977360-9D87-49F0-A3DB-82DE9A1658F2}.Release|x64.Build.0 = Release|x64
		{9C977360-9D87-49F0-A3DB-82DE9A1658F2}.Release|x86.ActiveCfg = Release|Win32
		{9C977360-9D87-49F0-A3DB-82DE9A1658F2}.Release|x86.Build.0 = Release|Win32
		{02211B95-E916-4478-8B8F-DB98A2606959}.Debug|x64.ActiveCfg = Debug|x64
		{02211B95-E916-4478-8B8F-DB98A2606959}.Debug|x64.Build.0 = Debug|x64
		{02211B95-E916-4478-8B8F-DB98A2606959}.Debug|x86.ActiveCfg = Debug|Win32
		{02211B95-E916-4478-8B8F-DB98A2606959}.Debug|x86.Build.0 = Debug|Win32
		{02211B95-E916-4478-8B8F-DB98A2606959}.Release|x64.ActiveCfg = Release|x64
		{02211B95-E916-4478-8B8F-DB98A2606959}.Release|x64.Build.0 = Release|x64
		{02211B95-E916-4478-8B8F-DB98A2606959}.Release|x86.ActiveCfg = Release|Win32
		{02211B95-E916-4478-8B8F-DB98A2606959}.Release|x86.Build.0 = Release|Win32
		{BD51ED38-7861-429A-AC39-67C95BE697D4}.Debug|x64.ActiveCfg = Debug|x64
		{BD51ED38-7861-429A-AC39-67C95BE697D4}.Debug|x64.Build.0 = Debug|x64
		{BD51ED38-7861-429A-AC39-67C95BE697D4}.Debug|x86.ActiveCfg = Debug|Win32
		{BD51ED38-7861-429A-AC39-67C95BE697D4}.Debug|x86.Build.0 = Debug|Win32
		{BD51ED38-7861-429A-AC39-67C95BE697D4}.Release|x64.ActiveCfg = Release|x64
		{BD51ED38-7861-429A-AC39-67C95BE697D4}.Release|x64.Build.0 = Release|x64
		{BD51ED38-7861-429A-AC39-67C95BE697D4}.Release|x86.ActiveCfg = Release|Win32
		{BD51ED38-7861-429A-AC39-67C95BE697D4}.Release|x86.Build.0 = Release|Win32
		{7837CA0A-7226-4A18-940C-068D0F0CC53D}.Debug|x64.ActiveCfg = Debug|x64
		{7837CA0A-7226-4A18-940C-068D0F0CC53D}.Debug|x64.Build.0 = Debug|x64
		{7837CA0A-7226-4A18-940C-068D0F0CC53D}.Debug|x86.ActiveCfg = Debug|Win32
		{7837CA0A-7226-4A18-940C-068D0F0CC53D}.Debug|x86.Build.0 = Debug|Win32
		{7837CA0A-7226-4A18-940C-068D0F0CC53D}.Release|x64.ActiveCfg = Release|x64
		{7837CA0A-7226-4A18-940C-068D0F0CC53D}.Release|x64.Build.0 = Release|x64
		{7837CA0A-7226-4A18-940C-068D0F0CC53D}.Release|x86.ActiveCfg = Release|Win32
		{7837CA0A-7226-4A18-940C-068D0F0CC53D}.Release|x86.Build.0 = Release|Win32
		{29FDF2C1-C4A8-44A5-9818-A875B718D06D}.Debug|x64.ActiveCfg = Debug|x64
		{29FDF2C1-C4A8-44A5-9818-A875B718D06D}.Debug|x64.Build.0 = Debug|x64
		{29FDF2C1-C4A8-44A5-9818-A875B718D06D}.Debug|x86.ActiveCfg = Debug|Win32
		{29FDF2C1-C4A8-44A5-9818-A875B718D06D}.Debug|x86.Build.0 = Debug|Win32
		{29FDF2C1-C4A8-44A5-9818-A875B718D06D}.Release|x64.ActiveCfg = Release|x64
		{29FDF2C1-C4A8-44A5-9818-A875B718D06D}.Release|x64.Build.0 = Release|x64
		{29FDF2C1-C4A8-44A5-9818-A875B718D06D}.Release|x86.ActiveCfg = Release|Win32
		{29FDF2C1-C4A8-44A5-9818-A875B718D06D}.Release|x86.Build.0 = Release|Win32
		{706FC061-7B4D-4413-ABEA-112990D901FF}.Debug|x64.ActiveCfg = Debug|x64
		{706FC061-7B4D-4413-ABEA-112990D901FF}.Debug|x64.Build.0 = Debug|x64
		{706FC061-7B4D-4413-ABEA-112990D901FF}.Debug|x86.ActiveCfg = Debug|Win32
		{706FC061-7B4D-4413-ABEA-112990D901FF}.Debug|x86.Build.0 = Debug|Win32
		{706FC061-7B4D-4413-ABEA-112990D901FF}.Release|x64.ActiveCfg = Release|x64
		{706FC061-7B4D-4413-ABEA-112990D901FF}.Release|x64.Build.0 = Release|x64
		{706FC061-7B4D-4413-ABEA-112990D901FF}.Release|x86.ActiveCfg = Release|Win32
		{706FC061-7B4D-4413-ABEA-112990D901FF}.Release|x86.Build.0 = Release|Win32
		{06CDBC51-ABFF-4576-B13D-57154C745716}.Debug|x64.ActiveCfg = Debug|x64
		{06CDBC51-ABFF-4576-B13D-57154C745716}.Debug|x64.Build.0 = Debug|x64
		{06CDBC51-ABFF-4576-B13D-57154C745716}.Debug|x86.ActiveCfg = Debug|Win32
		{06CDBC51-ABFF-4576-B13D-57154C745716}.Debug|x86.Build.0 = Debug|Win32
		{06CDBC51-ABFF-4576-B13D-57154C745716}.Release|x64.ActiveCfg = Release|x64
		{06CDBC51-ABFF-4576-B13D-57154C745716}.Release|x64.Build.0 = Release|x64
		{06CDBC51-ABFF-4576-B13D-57154C745716}.Release|x86.ActiveCfg = Release|Win32
		{06CDBC51-ABFF-4576-B13D-57154C745716}.Release|x86.Build.0 = Release|Win32
		{4D22286D-227D-4923-A517-0C81943324C6}.Debug|x64.ActiveCfg = Debug|x64
		{4D22286D-227D-4923-A517-0C81943324C6}.Debug|x64.Build.0 = Debug|x64
		{4D22286D-227D-4923-A517-0C81943324C6}.Debug|x86.ActiveCfg = Debug|Win32
		{4D22286D-227D-4923-A517-0C81943324C6}.Debug|x86.Build.0 = Debug|Win32
		{4D22286D-227D-4923-A517-0C81943324C6}.Release|x64.ActiveCfg = Release|x64
		{4D22286D-227D-4923-A517-0C81943324C6}.Release|x64.Build.0 = Release|x64
		{4D22286D-227D-4923-A517-0C81943324C6}.Release|x86.ActiveCfg = Release|Win32
		{4D22286D-227D-4923-A517-0C81943324C6}.Release|x86.Build.0 = Release|Win32
		{BC683FF6-A71D-4D02-AC94-5C5B57C44CD9}.Debug|x64.ActiveCfg = Debug|x64
		{BC683FF6-A71D-4D02-AC94-5C5B57C44CD9}.Debug|x64.Build.0 = Debug|x64
		{BC683FF6-A71D-4D02-AC94-5C5B57C44CD9}.Debug|x86.ActiveCfg = Debug|Win32
		{BC683FF6-A71D-4D02-AC94-5C5B57C44CD9}.Debug|x86.Build.0 = Debug|Win32
		{BC683FF6-A71D-4D02-AC94-5C5B57C44CD9}.Release|x64.ActiveCfg = Release|x64
		{BC683FF6-A71D-4D02-AC94-5C5B57C44CD9}.Release|x64.Build.0 = Release|x64
		{BC683FF6-A71D-4D02-AC94-5C5B57C44CD9}.Release|x86.ActiveCfg = Release|Win32
		{BC683FF6-A71D-4D02-AC94-5C5B57C44CD9}.Release|x86.Build.0 = Release|Win32
	EndGlobalSection
	GlobalSection(SolutionProperties) = preSolution
		HideSolutionNode = FALSE
	EndGlobalSection
	GlobalSection(NestedProjects) = preSolution
		{4E92B502-DC6D-413E-B929-EE8E9EC7F78B} = {7642A7AE-8BBC-44C9-A88E-BC41B0654DBA}
		{BCBDEA29-4B16-4356-A040-8E66F275EFB3} = {4CB429FF-2783-4702-BA82-801ABD1DF37C}
		{02211B95-E916-4478-8B8F-DB98A2606959} = {70A0F2E6-92FB-4807-9662-4D89F40F307C}
		{BD51ED38-7861-429A-AC39-67C95BE697D4} = {D0AE8542-1FDF-43C0-9F6E-20BE29700097}
		{7837CA0A-7226-4A18-940C-068D0F0CC53D} = {2C190812-3740-40D2-9C06-87C16260D2F8}
		{4CB429FF-2783-4702-BA82-801ABD1DF37C} = {7642A7AE-8BBC-44C9-A88E-BC41B0654DBA}
		{2C190812-3740-40D2-9C06-87C16260D2F8} = {7642A7AE-8BBC-44C9-A88E-BC41B0654DBA}
		{7266AE28-624E-4E5B-A9C3-9E7C1C9DAF3D} = {7642A7AE-8BBC-44C9-A88E-BC41B0654DBA}
		{29FDF2C1-C4A8-44A5-9818-A875B718D06D} = {7266AE28-624E-4E5B-A9C3-9E7C1C9DAF3D}
		{D5656B74-8C0E-4754-A152-F5EA4D17A06B} = {7642A7AE-8BBC-44C9-A88E-BC41B0654DBA}
		{706FC061-7B4D-4413-ABEA-112990D901FF} = {D5656B74-8C0E-4754-A152-F5EA4D17A06B}
		{06CDBC51-ABFF-4576-B13D-57154C745716} = {D5656B74-8C0E-4754-A152-F5EA4D17A06B}
		{4D22286D-227D-4923-A517-0C81943324C6} = {D0AE8542-1FDF-43C0-9F6E-20BE29700097}
	EndGlobalSection
	GlobalSection(ExtensibilityGlobals) = postSolution
		SolutionGuid = {A8BBD079-6ADD-4E85-AF2E-9ECDAD0B7D35}
	EndGlobalSection
EndGlobal
