<?xml version="1.0" encoding="utf-8"?>
<Project ToolsVersion="4.0" xmlns="http://schemas.microsoft.com/developer/msbuild/2003">
  <ItemGroup>
    <Filter Include="Source Files">
      <UniqueIdentifier>{4FC737F1-C7A5-4376-A066-2A32D752A2FF}</UniqueIdentifier>
      <Extensions>cpp;c;cc;cxx;c++;cppm;ixx;def;odl;idl;hpj;bat;asm;asmx</Extensions>
    </Filter>
    <Filter Include="Header Files">
      <UniqueIdentifier>{93995380-89BD-4b04-88EB-625FBE52EBFB}</UniqueIdentifier>
      <Extensions>h;hh;hpp;hxx;h++;hm;inl;inc;ipp;xsd</Extensions>
    </Filter>
    <Filter Include="Resource Files">
      <UniqueIdentifier>{67DA6AB6-F800-4c08-8B7A-83BB121AAD01}</UniqueIdentifier>
      <Extensions>rc;ico;cur;bmp;dlg;rc2;rct;bin;rgs;gif;jpg;jpeg;jpe;resx;tiff;tif;png;wav;mfcribbon-ms</Extensions>
    </Filter>
  </ItemGroup>
  <ItemGroup>
    <ClInclude Include="..\external\bullet3\src\extern\bullet\LinearMath\btAabbUtil2.h">
      <Filter>Header Files</Filter>
    </ClInclude>
    <ClInclude Include="..\external\bullet3\src\extern\bullet\LinearMath\btAlignedAllocator.h">
      <Filter>Header Files</Filter>
    </ClInclude>
    <ClInclude Include="..\external\bullet3\src\extern\bullet\LinearMath\btAlignedObjectArray.h">
      <Filter>Header Files</Filter>
    </ClInclude>
    <ClInclude Include="..\external\bullet3\src\extern\bullet\LinearMath\btConvexHull.h">
      <Filter>Header Files</Filter>
    </ClInclude>
    <ClInclude Include="..\external\bullet3\src\extern\bullet\LinearMath\btConvexHullComputer.h">
      <Filter>Header Files</Filter>
    </ClInclude>
    <ClInclude Include="..\external\bullet3\src\extern\bullet\LinearMath\btCpuFeatureUtility.h">
      <Filter>Header Files</Filter>
    </ClInclude>
    <ClInclude Include="..\external\bullet3\src\extern\bullet\LinearMath\btDefaultMotionState.h">
      <Filter>Header Files</Filter>
    </ClInclude>
    <ClInclude Include="..\external\bullet3\src\extern\bullet\LinearMath\btGeometryUtil.h">
      <Filter>Header Files</Filter>
    </ClInclude>
    <ClInclude Include="..\external\bullet3\src\extern\bullet\LinearMath\btGrahamScan2dConvexHull.h">
      <Filter>Header Files</Filter>
    </ClInclude>
    <ClInclude Include="..\external\bullet3\src\extern\bullet\LinearMath\btHashMap.h">
      <Filter>Header Files</Filter>
    </ClInclude>
    <ClInclude Include="..\external\bullet3\src\extern\bullet\LinearMath\btIDebugDraw.h">
      <Filter>Header Files</Filter>
    </ClInclude>
    <ClInclude Include="..\external\bullet3\src\extern\bullet\LinearMath\btImplicitQRSVD.h">
      <Filter>Header Files</Filter>
    </ClInclude>
    <ClInclude Include="..\external\bullet3\src\extern\bullet\LinearMath\btList.h">
      <Filter>Header Files</Filter>
    </ClInclude>
    <ClInclude Include="..\external\bullet3\src\extern\bullet\LinearMath\btMatrix3x3.h">
      <Filter>Header Files</Filter>
    </ClInclude>
    <ClInclude Include="..\external\bullet3\src\extern\bullet\LinearMath\btMatrixX.h">
      <Filter>Header Files</Filter>
    </ClInclude>
    <ClInclude Include="..\external\bullet3\src\extern\bullet\LinearMath\btMinMax.h">
      <Filter>Header Files</Filter>
    </ClInclude>
    <ClInclude Include="..\external\bullet3\src\extern\bullet\LinearMath\btModifiedGramSchmidt.h">
      <Filter>Header Files</Filter>
    </ClInclude>
    <ClInclude Include="..\external\bullet3\src\extern\bullet\LinearMath\btMotionState.h">
      <Filter>Header Files</Filter>
    </ClInclude>
    <ClInclude Include="..\external\bullet3\src\extern\bullet\LinearMath\btPolarDecomposition.h">
      <Filter>Header Files</Filter>
    </ClInclude>
    <ClInclude Include="..\external\bullet3\src\extern\bullet\LinearMath\btPoolAllocator.h">
      <Filter>Header Files</Filter>
    </ClInclude>
    <ClInclude Include="..\external\bullet3\src\extern\bullet\LinearMath\btQuadWord.h">
      <Filter>Header Files</Filter>
    </ClInclude>
    <ClInclude Include="..\external\bullet3\src\extern\bullet\LinearMath\btQuaternion.h">
      <Filter>Header Files</Filter>
    </ClInclude>
    <ClInclude Include="..\external\bullet3\src\extern\bullet\LinearMath\btQuickprof.h">
      <Filter>Header Files</Filter>
    </ClInclude>
    <ClInclude Include="..\external\bullet3\src\extern\bullet\LinearMath\btRandom.h">
      <Filter>Header Files</Filter>
    </ClInclude>
    <ClInclude Include="..\external\bullet3\src\extern\bullet\LinearMath\btReducedVector.h">
      <Filter>Header Files</Filter>
    </ClInclude>
    <ClInclude Include="..\external\bullet3\src\extern\bullet\LinearMath\btScalar.h">
      <Filter>Header Files</Filter>
    </ClInclude>
    <ClInclude Include="..\external\bullet3\src\extern\bullet\LinearMath\btSerializer.h">
      <Filter>Header Files</Filter>
    </ClInclude>
    <ClInclude Include="..\external\bullet3\src\extern\bullet\LinearMath\btSpatialAlgebra.h">
      <Filter>Header Files</Filter>
    </ClInclude>
    <ClInclude Include="..\external\bullet3\src\extern\bullet\LinearMath\btStackAlloc.h">
      <Filter>Header Files</Filter>
    </ClInclude>
    <ClInclude Include="..\external\bullet3\src\extern\bullet\LinearMath\btThreads.h">
      <Filter>Header Files</Filter>
    </ClInclude>
    <ClInclude Include="..\external\bullet3\src\extern\bullet\LinearMath\btTransform.h">
      <Filter>Header Files</Filter>
    </ClInclude>
    <ClInclude Include="..\external\bullet3\src\extern\bullet\LinearMath\btTransformUtil.h">
      <Filter>Header Files</Filter>
    </ClInclude>
    <ClInclude Include="..\external\bullet3\src\extern\bullet\LinearMath\btVector3.h">
      <Filter>Header Files</Filter>
    </ClInclude>
    <ClInclude Include="..\external\bullet3\src\extern\bullet\LinearMath\TaskScheduler\btThreadSupportInterface.h">
      <Filter>Header Files</Filter>
    </ClInclude>
  </ItemGroup>
  <ItemGroup>
    <ClCompile Include="..\external\bullet3\src\extern\bullet\LinearMath\btAlignedAllocator.cpp">
      <Filter>Source Files</Filter>
    </ClCompile>
    <ClCompile Include="..\external\bullet3\src\extern\bullet\LinearMath\btConvexHull.cpp">
      <Filter>Source Files</Filter>
    </ClCompile>
    <ClCompile Include="..\external\bullet3\src\extern\bullet\LinearMath\btConvexHullComputer.cpp">
      <Filter>Source Files</Filter>
    </ClCompile>
    <ClCompile Include="..\external\bullet3\src\extern\bullet\LinearMath\btGeometryUtil.cpp">
      <Filter>Source Files</Filter>
    </ClCompile>
    <ClCompile Include="..\external\bullet3\src\extern\bullet\LinearMath\btPolarDecomposition.cpp">
      <Filter>Source Files</Filter>
    </ClCompile>
    <ClCompile Include="..\external\bullet3\src\extern\bullet\LinearMath\btQuickprof.cpp">
      <Filter>Source Files</Filter>
    </ClCompile>
    <ClCompile Include="..\external\bullet3\src\extern\bullet\LinearMath\btReducedVector.cpp">
      <Filter>Source Files</Filter>
    </ClCompile>
    <ClCompile Include="..\external\bullet3\src\extern\bullet\LinearMath\btSerializer.cpp">
      <Filter>Source Files</Filter>
    </ClCompile>
    <ClCompile Include="..\external\bullet3\src\extern\bullet\LinearMath\btSerializer64.cpp">
      <Filter>Source Files</Filter>
    </ClCompile>
    <ClCompile Include="..\external\bullet3\src\extern\bullet\LinearMath\btThreads.cpp">
      <Filter>Source Files</Filter>
    </ClCompile>
    <ClCompile Include="..\external\bullet3\src\extern\bullet\LinearMath\btVector3.cpp">
      <Filter>Source Files</Filter>
    </ClCompile>
    <ClCompile Include="..\external\bullet3\src\extern\bullet\LinearMath\TaskScheduler\btTaskScheduler.cpp">
      <Filter>Source Files</Filter>
    </ClCompile>
    <ClCompile Include="..\external\bullet3\src\extern\bullet\LinearMath\TaskScheduler\btThreadSupportPosix.cpp">
      <Filter>Source Files</Filter>
    </ClCompile>
    <ClCompile Include="..\external\bullet3\src\extern\bullet\LinearMath\TaskScheduler\btThreadSupportWin32.cpp">
      <Filter>Source Files</Filter>
    </ClCompile>
  </ItemGroup>
</Project>